
Microsoft Visual Studio Solution File, Format Version 12.00
# Visual Studio 15
VisualStudioVersion = 15.0.27703.2042
MinimumVisualStudioVersion = 10.0.40219.1
Project("{FAE04EC0-301F-11D3-BF4B-00C04F79EFBC}") = "問題6章_Q2", "問題6章_Q2\問題6章_Q2.csproj", "{3DCE4EF0-BC2D-4B09-A00E-1151B3A71F2E}"
EndProject
Global
	GlobalSection(SolutionConfigurationPlatforms) = preSolution
		Debug|Any CPU = Debug|Any CPU
		Release|Any CPU = Release|Any CPU
	EndGlobalSection
	GlobalSection(ProjectConfigurationPlatforms) = postSolution
		{3DCE4EF0-BC2D-4B09-A00E-1151B3A71F2E}.Debug|Any CPU.ActiveCfg = Debug|Any CPU
		{3DCE4EF0-BC2D-4B09-A00E-1151B3A71F2E}.Debug|Any CPU.Build.0 = Debug|Any CPU
		{3DCE4EF0-BC2D-4B09-A00E-1151B3A71F2E}.Release|Any CPU.ActiveCfg = Release|Any CPU
		{3DCE4EF0-BC2D-4B09-A00E-1151B3A71F2E}.Release|Any CPU.Build.0 = Release|Any CPU
	EndGlobalSection
	GlobalSection(SolutionProperties) = preSolution
		HideSolutionNode = FALSE
	EndGlobalSection
	GlobalSection(ExtensibilityGlobals) = postSolution
		SolutionGuid = {90AD309F-91EA-48CB-8C23-CBDCE713E09F}
	EndGlobalSection
EndGlobal
