
Microsoft Visual Studio Solution File, Format Version 12.00
# Visual Studio 15
VisualStudioVersion = 15.0.27703.2042
MinimumVisualStudioVersion = 10.0.40219.1
Project("{FAE04EC0-301F-11D3-BF4B-00C04F79EFBC}") = "問題8章_Q2", "問題8章_Q2\問題8章_Q2.csproj", "{14689BA5-E55A-49FA-9D22-F2D813F2657C}"
EndProject
Global
	GlobalSection(SolutionConfigurationPlatforms) = preSolution
		Debug|Any CPU = Debug|Any CPU
		Release|Any CPU = Release|Any CPU
	EndGlobalSection
	GlobalSection(ProjectConfigurationPlatforms) = postSolution
		{14689BA5-E55A-49FA-9D22-F2D813F2657C}.Debug|Any CPU.ActiveCfg = Debug|Any CPU
		{14689BA5-E55A-49FA-9D22-F2D813F2657C}.Debug|Any CPU.Build.0 = Debug|Any CPU
		{14689BA5-E55A-49FA-9D22-F2D813F2657C}.Release|Any CPU.ActiveCfg = Release|Any CPU
		{14689BA5-E55A-49FA-9D22-F2D813F2657C}.Release|Any CPU.Build.0 = Release|Any CPU
	EndGlobalSection
	GlobalSection(SolutionProperties) = preSolution
		HideSolutionNode = FALSE
	EndGlobalSection
	GlobalSection(ExtensibilityGlobals) = postSolution
		SolutionGuid = {6A35BAB5-4E02-4C91-BCFA-53C111AC14EF}
	EndGlobalSection
EndGlobal
